
Microsoft Visual Studio Solution File, Format Version 12.00
# Visual Studio Version 17
VisualStudioVersion = 17.0.31512.422
MinimumVisualStudioVersion = 10.0.40219.1
Project("{FAE04EC0-301F-11D3-BF4B-00C04F79EFBC}") = "Brafe_v01-Origamid", "Brafe_v01-Origamid\Brafe_v01-Origamid.csproj", "{72CE5599-AFD9-4AC6-A953-2986BD1A3455}"
EndProject
Global
	GlobalSection(SolutionConfigurationPlatforms) = preSolution
		Debug|Any CPU = Debug|Any CPU
		Release|Any CPU = Release|Any CPU
	EndGlobalSection
	GlobalSection(ProjectConfigurationPlatforms) = postSolution
		{72CE5599-AFD9-4AC6-A953-2986BD1A3455}.Debug|Any CPU.ActiveCfg = Debug|Any CPU
		{72CE5599-AFD9-4AC6-A953-2986BD1A3455}.Debug|Any CPU.Build.0 = Debug|Any CPU
		{72CE5599-AFD9-4AC6-A953-2986BD1A3455}.Release|Any CPU.ActiveCfg = Release|Any CPU
		{72CE5599-AFD9-4AC6-A953-2986BD1A3455}.Release|Any CPU.Build.0 = Release|Any CPU
	EndGlobalSection
	GlobalSection(SolutionProperties) = preSolution
		HideSolutionNode = FALSE
	EndGlobalSection
	GlobalSection(ExtensibilityGlobals) = postSolution
		SolutionGuid = {509485AA-E049-4B14-B224-95ADDD2884DC}
	EndGlobalSection
EndGlobal
